// !$*UTF8*$!
{
	archiveVersion = 1;
	classes = {
	};
	objectVersion = 50;
	objects = {

/* Begin PBXBuildFile section */
		5418950E23FA3450008A3B47 /* LanguageModel.swift in Sources */ = {isa = PBXBuildFile; fileRef = 5418950D23FA3450008A3B47 /* LanguageModel.swift */; };
		5418951023FA3BB6008A3B47 /* SLMGraph.swift in Sources */ = {isa = PBXBuildFile; fileRef = 5418950F23FA3BB6008A3B47 /* SLMGraph.swift */; };
		5418951223FAF77C008A3B47 /* Solution.swift in Sources */ = {isa = PBXBuildFile; fileRef = 5418951123FAF77C008A3B47 /* Solution.swift */; };
		5420D4DA23FCF3E200E1F7E1 /* lexicon.txt in Resources */ = {isa = PBXBuildFile; fileRef = 5420D4D623FCF3E100E1F7E1 /* lexicon.txt */; };
		5420D4DB23FCF3E200E1F7E1 /* syllable.txt in Resources */ = {isa = PBXBuildFile; fileRef = 5420D4D723FCF3E100E1F7E1 /* syllable.txt */; };
		5420D4DC23FCF3E200E1F7E1 /* bigram.txt in Resources */ = {isa = PBXBuildFile; fileRef = 5420D4D823FCF3E200E1F7E1 /* bigram.txt */; };
		5420D4DD23FCF3E200E1F7E1 /* unigram.txt in Resources */ = {isa = PBXBuildFile; fileRef = 5420D4D923FCF3E200E1F7E1 /* unigram.txt */; };
		54B045BC23F8E982003EB423 /* LexiconTree.swift in Sources */ = {isa = PBXBuildFile; fileRef = 54B045BB23F8E982003EB423 /* LexiconTree.swift */; };
		54B045BE23F8FA26003EB423 /* LexiconGraph.swift in Sources */ = {isa = PBXBuildFile; fileRef = 54B045BD23F8FA26003EB423 /* LexiconGraph.swift */; };
		54B5AD9D23EF5FA700E45988 /* AppDelegate.swift in Sources */ = {isa = PBXBuildFile; fileRef = 54B5AD9C23EF5FA700E45988 /* AppDelegate.swift */; };
		54B5AD9F23EF5FA700E45988 /* SceneDelegate.swift in Sources */ = {isa = PBXBuildFile; fileRef = 54B5AD9E23EF5FA700E45988 /* SceneDelegate.swift */; };
		54B5ADA423EF5FA700E45988 /* Main.storyboard in Resources */ = {isa = PBXBuildFile; fileRef = 54B5ADA223EF5FA700E45988 /* Main.storyboard */; };
		54B5ADA623EF5FAB00E45988 /* Assets.xcassets in Resources */ = {isa = PBXBuildFile; fileRef = 54B5ADA523EF5FAB00E45988 /* Assets.xcassets */; };
		54B5ADA923EF5FAB00E45988 /* LaunchScreen.storyboard in Resources */ = {isa = PBXBuildFile; fileRef = 54B5ADA723EF5FAB00E45988 /* LaunchScreen.storyboard */; };
		54B5ADB623EF606300E45988 /* ViewController.swift in Sources */ = {isa = PBXBuildFile; fileRef = 54B5ADB523EF606300E45988 /* ViewController.swift */; };
		54B5ADBF23EF611A00E45988 /* SyllableGraph.swift in Sources */ = {isa = PBXBuildFile; fileRef = 54B5ADBB23EF611A00E45988 /* SyllableGraph.swift */; };
		54B5ADC123EF611A00E45988 /* Graph.swift in Sources */ = {isa = PBXBuildFile; fileRef = 54B5ADBD23EF611A00E45988 /* Graph.swift */; };
		54B5ADC223EF611A00E45988 /* PinyinSequence.swift in Sources */ = {isa = PBXBuildFile; fileRef = 54B5ADBE23EF611A00E45988 /* PinyinSequence.swift */; };
		54E25A732401FF30006F91CA /* SQLite.framework in Frameworks */ = {isa = PBXBuildFile; fileRef = 54E25A652401FEF4006F91CA /* SQLite.framework */; };
		54E25A742401FF30006F91CA /* SQLite.framework in Embed Frameworks */ = {isa = PBXBuildFile; fileRef = 54E25A652401FEF4006F91CA /* SQLite.framework */; settings = {ATTRIBUTES = (CodeSignOnCopy, RemoveHeadersOnCopy, ); }; };
		54E25A7B240214D0006F91CA /* database.sqlite3 in Resources */ = {isa = PBXBuildFile; fileRef = 54E25A7A240214D0006F91CA /* database.sqlite3 */; };
		54F762EB23FCE5550074E4AC /* PinyinEngine.swift in Sources */ = {isa = PBXBuildFile; fileRef = 54F762EA23FCE5550074E4AC /* PinyinEngine.swift */; };
/* End PBXBuildFile section */

/* Begin PBXContainerItemProxy section */
		54E25A642401FEF4006F91CA /* PBXContainerItemProxy */ = {
			isa = PBXContainerItemProxy;
			containerPortal = 54E25A5A2401FEF4006F91CA /* SQLite.xcodeproj */;
			proxyType = 2;
			remoteGlobalIDString = EE247AD31C3F04ED00AE3E12;
			remoteInfo = "SQLite iOS";
		};
		54E25A662401FEF4006F91CA /* PBXContainerItemProxy */ = {
			isa = PBXContainerItemProxy;
			containerPortal = 54E25A5A2401FEF4006F91CA /* SQLite.xcodeproj */;
			proxyType = 2;
			remoteGlobalIDString = EE247ADD1C3F04ED00AE3E12;
			remoteInfo = "SQLiteTests iOS";
		};
		54E25A682401FEF4006F91CA /* PBXContainerItemProxy */ = {
			isa = PBXContainerItemProxy;
			containerPortal = 54E25A5A2401FEF4006F91CA /* SQLite.xcodeproj */;
			proxyType = 2;
			remoteGlobalIDString = EE247B3C1C3F3ED000AE3E12;
			remoteInfo = "SQLite Mac";
		};
		54E25A6A2401FEF4006F91CA /* PBXContainerItemProxy */ = {
			isa = PBXContainerItemProxy;
			containerPortal = 54E25A5A2401FEF4006F91CA /* SQLite.xcodeproj */;
			proxyType = 2;
			remoteGlobalIDString = EE247B451C3F3ED000AE3E12;
			remoteInfo = "SQLiteTests Mac";
		};
		54E25A6C2401FEF4006F91CA /* PBXContainerItemProxy */ = {
			isa = PBXContainerItemProxy;
			containerPortal = 54E25A5A2401FEF4006F91CA /* SQLite.xcodeproj */;
			proxyType = 2;
			remoteGlobalIDString = 03A65E5A1C6BB0F50062603F;
			remoteInfo = "SQLite tvOS";
		};
		54E25A6E2401FEF4006F91CA /* PBXContainerItemProxy */ = {
			isa = PBXContainerItemProxy;
			containerPortal = 54E25A5A2401FEF4006F91CA /* SQLite.xcodeproj */;
			proxyType = 2;
			remoteGlobalIDString = 03A65E631C6BB0F60062603F;
			remoteInfo = "SQLiteTests tvOS";
		};
		54E25A702401FEF4006F91CA /* PBXContainerItemProxy */ = {
			isa = PBXContainerItemProxy;
			containerPortal = 54E25A5A2401FEF4006F91CA /* SQLite.xcodeproj */;
			proxyType = 2;
			remoteGlobalIDString = A121AC451CA35C79005A31D1;
			remoteInfo = "SQLite watchOS";
		};
/* End PBXContainerItemProxy section */

/* Begin PBXCopyFilesBuildPhase section */
		54E25A752401FF30006F91CA /* Embed Frameworks */ = {
			isa = PBXCopyFilesBuildPhase;
			buildActionMask = 2147483647;
			dstPath = "";
			dstSubfolderSpec = 10;
			files = (
				54E25A742401FF30006F91CA /* SQLite.framework in Embed Frameworks */,
			);
			name = "Embed Frameworks";
			runOnlyForDeploymentPostprocessing = 0;
		};
/* End PBXCopyFilesBuildPhase section */

/* Begin PBXFileReference section */
		5418950D23FA3450008A3B47 /* LanguageModel.swift */ = {isa = PBXFileReference; lastKnownFileType = sourcecode.swift; path = LanguageModel.swift; sourceTree = "<group>"; };
		5418950F23FA3BB6008A3B47 /* SLMGraph.swift */ = {isa = PBXFileReference; lastKnownFileType = sourcecode.swift; path = SLMGraph.swift; sourceTree = "<group>"; };
		5418951123FAF77C008A3B47 /* Solution.swift */ = {isa = PBXFileReference; lastKnownFileType = sourcecode.swift; path = Solution.swift; sourceTree = "<group>"; };
		5420D4D623FCF3E100E1F7E1 /* lexicon.txt */ = {isa = PBXFileReference; fileEncoding = 4; lastKnownFileType = text; path = lexicon.txt; sourceTree = "<group>"; };
		5420D4D723FCF3E100E1F7E1 /* syllable.txt */ = {isa = PBXFileReference; fileEncoding = 4; lastKnownFileType = text; path = syllable.txt; sourceTree = "<group>"; };
		5420D4D823FCF3E200E1F7E1 /* bigram.txt */ = {isa = PBXFileReference; fileEncoding = 4; lastKnownFileType = text; path = bigram.txt; sourceTree = "<group>"; };
		5420D4D923FCF3E200E1F7E1 /* unigram.txt */ = {isa = PBXFileReference; fileEncoding = 4; lastKnownFileType = text; path = unigram.txt; sourceTree = "<group>"; };
		54B045BB23F8E982003EB423 /* LexiconTree.swift */ = {isa = PBXFileReference; lastKnownFileType = sourcecode.swift; path = LexiconTree.swift; sourceTree = "<group>"; };
		54B045BD23F8FA26003EB423 /* LexiconGraph.swift */ = {isa = PBXFileReference; lastKnownFileType = sourcecode.swift; path = LexiconGraph.swift; sourceTree = "<group>"; };
		54B5AD9923EF5FA700E45988 /* Pinyin2HanziEngine.app */ = {isa = PBXFileReference; explicitFileType = wrapper.application; includeInIndex = 0; path = Pinyin2HanziEngine.app; sourceTree = BUILT_PRODUCTS_DIR; };
		54B5AD9C23EF5FA700E45988 /* AppDelegate.swift */ = {isa = PBXFileReference; lastKnownFileType = sourcecode.swift; path = AppDelegate.swift; sourceTree = "<group>"; };
		54B5AD9E23EF5FA700E45988 /* SceneDelegate.swift */ = {isa = PBXFileReference; lastKnownFileType = sourcecode.swift; path = SceneDelegate.swift; sourceTree = "<group>"; };
		54B5ADA323EF5FA700E45988 /* Base */ = {isa = PBXFileReference; lastKnownFileType = file.storyboard; name = Base; path = Base.lproj/Main.storyboard; sourceTree = "<group>"; };
		54B5ADA523EF5FAB00E45988 /* Assets.xcassets */ = {isa = PBXFileReference; lastKnownFileType = folder.assetcatalog; path = Assets.xcassets; sourceTree = "<group>"; };
		54B5ADA823EF5FAB00E45988 /* Base */ = {isa = PBXFileReference; lastKnownFileType = file.storyboard; name = Base; path = Base.lproj/LaunchScreen.storyboard; sourceTree = "<group>"; };
		54B5ADAA23EF5FAB00E45988 /* Info.plist */ = {isa = PBXFileReference; lastKnownFileType = text.plist.xml; path = Info.plist; sourceTree = "<group>"; };
		54B5ADB523EF606300E45988 /* ViewController.swift */ = {isa = PBXFileReference; lastKnownFileType = sourcecode.swift; path = ViewController.swift; sourceTree = "<group>"; };
		54B5ADBB23EF611A00E45988 /* SyllableGraph.swift */ = {isa = PBXFileReference; fileEncoding = 4; lastKnownFileType = sourcecode.swift; path = SyllableGraph.swift; sourceTree = "<group>"; };
		54B5ADBD23EF611A00E45988 /* Graph.swift */ = {isa = PBXFileReference; fileEncoding = 4; lastKnownFileType = sourcecode.swift; path = Graph.swift; sourceTree = "<group>"; };
		54B5ADBE23EF611A00E45988 /* PinyinSequence.swift */ = {isa = PBXFileReference; fileEncoding = 4; lastKnownFileType = sourcecode.swift; path = PinyinSequence.swift; sourceTree = "<group>"; };
		54E25A5A2401FEF4006F91CA /* SQLite.xcodeproj */ = {isa = PBXFileReference; lastKnownFileType = "wrapper.pb-project"; name = SQLite.xcodeproj; path = framework/SQLite.swift/SQLite.xcodeproj; sourceTree = "<group>"; };
		54E25A7A240214D0006F91CA /* database.sqlite3 */ = {isa = PBXFileReference; lastKnownFileType = file; path = database.sqlite3; sourceTree = "<group>"; };
		54F762EA23FCE5550074E4AC /* PinyinEngine.swift */ = {isa = PBXFileReference; lastKnownFileType = sourcecode.swift; path = PinyinEngine.swift; sourceTree = "<group>"; };
/* End PBXFileReference section */

/* Begin PBXFrameworksBuildPhase section */
		54B5AD9623EF5FA700E45988 /* Frameworks */ = {
			isa = PBXFrameworksBuildPhase;
			buildActionMask = 2147483647;
			files = (
				54E25A732401FF30006F91CA /* SQLite.framework in Frameworks */,
			);
			runOnlyForDeploymentPostprocessing = 0;
		};
/* End PBXFrameworksBuildPhase section */

/* Begin PBXGroup section */
		54B5AD9023EF5FA700E45988 = {
			isa = PBXGroup;
			children = (
				54B5AD9B23EF5FA700E45988 /* Pinyin2HanziEngine */,
				54B5AD9A23EF5FA700E45988 /* Products */,
				54E25A5A2401FEF4006F91CA /* SQLite.xcodeproj */,
				54E25A722401FF30006F91CA /* Frameworks */,
			);
			sourceTree = "<group>";
		};
		54B5AD9A23EF5FA700E45988 /* Products */ = {
			isa = PBXGroup;
			children = (
				54B5AD9923EF5FA700E45988 /* Pinyin2HanziEngine.app */,
			);
			name = Products;
			sourceTree = "<group>";
		};
		54B5AD9B23EF5FA700E45988 /* Pinyin2HanziEngine */ = {
			isa = PBXGroup;
			children = (
				54B5ADB023EF5FBC00E45988 /* Supporting files */,
				54B5ADB723EF607F00E45988 /* Resources */,
				54B5ADBD23EF611A00E45988 /* Graph.swift */,
				5418951123FAF77C008A3B47 /* Solution.swift */,
				54B5ADBB23EF611A00E45988 /* SyllableGraph.swift */,
				54B045BB23F8E982003EB423 /* LexiconTree.swift */,
				54B045BD23F8FA26003EB423 /* LexiconGraph.swift */,
				54B5ADBE23EF611A00E45988 /* PinyinSequence.swift */,
				5418950D23FA3450008A3B47 /* LanguageModel.swift */,
				5418950F23FA3BB6008A3B47 /* SLMGraph.swift */,
				54F762EA23FCE5550074E4AC /* PinyinEngine.swift */,
				54B5ADB523EF606300E45988 /* ViewController.swift */,
				54B5ADAA23EF5FAB00E45988 /* Info.plist */,
			);
			path = Pinyin2HanziEngine;
			sourceTree = "<group>";
		};
		54B5ADB023EF5FBC00E45988 /* Supporting files */ = {
			isa = PBXGroup;
			children = (
				54B5AD9C23EF5FA700E45988 /* AppDelegate.swift */,
				54B5AD9E23EF5FA700E45988 /* SceneDelegate.swift */,
				54B5ADA223EF5FA700E45988 /* Main.storyboard */,
				54B5ADA523EF5FAB00E45988 /* Assets.xcassets */,
				54B5ADA723EF5FAB00E45988 /* LaunchScreen.storyboard */,
			);
			path = "Supporting files";
			sourceTree = "<group>";
		};
		54B5ADB723EF607F00E45988 /* Resources */ = {
			isa = PBXGroup;
			children = (
				54E25A7A240214D0006F91CA /* database.sqlite3 */,
				5420D4D823FCF3E200E1F7E1 /* bigram.txt */,
				5420D4D623FCF3E100E1F7E1 /* lexicon.txt */,
				5420D4D723FCF3E100E1F7E1 /* syllable.txt */,
				5420D4D923FCF3E200E1F7E1 /* unigram.txt */,
			);
			name = Resources;
			path = ../../Pinyin2HanziEngine.bak/Resources;
			sourceTree = "<group>";
		};
		54E25A5B2401FEF4006F91CA /* Products */ = {
			isa = PBXGroup;
			children = (
				54E25A652401FEF4006F91CA /* SQLite.framework */,
				54E25A672401FEF4006F91CA /* SQLiteTests iOS.xctest */,
				54E25A692401FEF4006F91CA /* SQLite.framework */,
				54E25A6B2401FEF4006F91CA /* SQLiteTests Mac.xctest */,
				54E25A6D2401FEF4006F91CA /* SQLite.framework */,
				54E25A6F2401FEF4006F91CA /* SQLiteTests tvOS.xctest */,
				54E25A712401FEF4006F91CA /* SQLite.framework */,
			);
			name = Products;
			sourceTree = "<group>";
		};
		54E25A722401FF30006F91CA /* Frameworks */ = {
			isa = PBXGroup;
			children = (
			);
			name = Frameworks;
			sourceTree = "<group>";
		};
/* End PBXGroup section */

/* Begin PBXNativeTarget section */
		54B5AD9823EF5FA700E45988 /* Pinyin2HanziEngine */ = {
			isa = PBXNativeTarget;
			buildConfigurationList = 54B5ADAD23EF5FAB00E45988 /* Build configuration list for PBXNativeTarget "Pinyin2HanziEngine" */;
			buildPhases = (
				54B5AD9523EF5FA700E45988 /* Sources */,
				54B5AD9623EF5FA700E45988 /* Frameworks */,
				54B5AD9723EF5FA700E45988 /* Resources */,
				54E25A752401FF30006F91CA /* Embed Frameworks */,
			);
			buildRules = (
			);
			dependencies = (
			);
			name = Pinyin2HanziEngine;
			productName = Pinyin2HanziEngine;
			productReference = 54B5AD9923EF5FA700E45988 /* Pinyin2HanziEngine.app */;
			productType = "com.apple.product-type.application";
		};
/* End PBXNativeTarget section */

/* Begin PBXProject section */
		54B5AD9123EF5FA700E45988 /* Project object */ = {
			isa = PBXProject;
			attributes = {
				LastSwiftUpdateCheck = 1130;
				LastUpgradeCheck = 1130;
				ORGANIZATIONNAME = Zixuan;
				TargetAttributes = {
					54B5AD9823EF5FA700E45988 = {
						CreatedOnToolsVersion = 11.3.1;
					};
				};
			};
			buildConfigurationList = 54B5AD9423EF5FA700E45988 /* Build configuration list for PBXProject "Pinyin2HanziEngine" */;
			compatibilityVersion = "Xcode 9.3";
			developmentRegion = en;
			hasScannedForEncodings = 0;
			knownRegions = (
				en,
				Base,
			);
			mainGroup = 54B5AD9023EF5FA700E45988;
			productRefGroup = 54B5AD9A23EF5FA700E45988 /* Products */;
			projectDirPath = "";
			projectReferences = (
				{
					ProductGroup = 54E25A5B2401FEF4006F91CA /* Products */;
					ProjectRef = 54E25A5A2401FEF4006F91CA /* SQLite.xcodeproj */;
				},
			);
			projectRoot = "";
			targets = (
				54B5AD9823EF5FA700E45988 /* Pinyin2HanziEngine */,
			);
		};
/* End PBXProject section */

/* Begin PBXReferenceProxy section */
		54E25A652401FEF4006F91CA /* SQLite.framework */ = {
			isa = PBXReferenceProxy;
			fileType = wrapper.framework;
			path = SQLite.framework;
			remoteRef = 54E25A642401FEF4006F91CA /* PBXContainerItemProxy */;
			sourceTree = BUILT_PRODUCTS_DIR;
		};
		54E25A672401FEF4006F91CA /* SQLiteTests iOS.xctest */ = {
			isa = PBXReferenceProxy;
			fileType = wrapper.cfbundle;
			path = "SQLiteTests iOS.xctest";
			remoteRef = 54E25A662401FEF4006F91CA /* PBXContainerItemProxy */;
			sourceTree = BUILT_PRODUCTS_DIR;
		};
		54E25A692401FEF4006F91CA /* SQLite.framework */ = {
			isa = PBXReferenceProxy;
			fileType = wrapper.framework;
			path = SQLite.framework;
			remoteRef = 54E25A682401FEF4006F91CA /* PBXContainerItemProxy */;
			sourceTree = BUILT_PRODUCTS_DIR;
		};
		54E25A6B2401FEF4006F91CA /* SQLiteTests Mac.xctest */ = {
			isa = PBXReferenceProxy;
			fileType = wrapper.cfbundle;
			path = "SQLiteTests Mac.xctest";
			remoteRef = 54E25A6A2401FEF4006F91CA /* PBXContainerItemProxy */;
			sourceTree = BUILT_PRODUCTS_DIR;
		};
		54E25A6D2401FEF4006F91CA /* SQLite.framework */ = {
			isa = PBXReferenceProxy;
			fileType = wrapper.framework;
			path = SQLite.framework;
			remoteRef = 54E25A6C2401FEF4006F91CA /* PBXContainerItemProxy */;
			sourceTree = BUILT_PRODUCTS_DIR;
		};
		54E25A6F2401FEF4006F91CA /* SQLiteTests tvOS.xctest */ = {
			isa = PBXReferenceProxy;
			fileType = wrapper.cfbundle;
			path = "SQLiteTests tvOS.xctest";
			remoteRef = 54E25A6E2401FEF4006F91CA /* PBXContainerItemProxy */;
			sourceTree = BUILT_PRODUCTS_DIR;
		};
		54E25A712401FEF4006F91CA /* SQLite.framework */ = {
			isa = PBXReferenceProxy;
			fileType = wrapper.framework;
			path = SQLite.framework;
			remoteRef = 54E25A702401FEF4006F91CA /* PBXContainerItemProxy */;
			sourceTree = BUILT_PRODUCTS_DIR;
		};
/* End PBXReferenceProxy section */

/* Begin PBXResourcesBuildPhase section */
		54B5AD9723EF5FA700E45988 /* Resources */ = {
			isa = PBXResourcesBuildPhase;
			buildActionMask = 2147483647;
			files = (
				54E25A7B240214D0006F91CA /* database.sqlite3 in Resources */,
				54B5ADA923EF5FAB00E45988 /* LaunchScreen.storyboard in Resources */,
				54B5ADA623EF5FAB00E45988 /* Assets.xcassets in Resources */,
				5420D4DB23FCF3E200E1F7E1 /* syllable.txt in Resources */,
				54B5ADA423EF5FA700E45988 /* Main.storyboard in Resources */,
				5420D4DC23FCF3E200E1F7E1 /* bigram.txt in Resources */,
				5420D4DD23FCF3E200E1F7E1 /* unigram.txt in Resources */,
				5420D4DA23FCF3E200E1F7E1 /* lexicon.txt in Resources */,
			);
			runOnlyForDeploymentPostprocessing = 0;
		};
/* End PBXResourcesBuildPhase section */

/* Begin PBXSourcesBuildPhase section */
		54B5AD9523EF5FA700E45988 /* Sources */ = {
			isa = PBXSourcesBuildPhase;
			buildActionMask = 2147483647;
			files = (
				54B5ADC123EF611A00E45988 /* Graph.swift in Sources */,
				5418950E23FA3450008A3B47 /* LanguageModel.swift in Sources */,
				54F762EB23FCE5550074E4AC /* PinyinEngine.swift in Sources */,
				54B045BE23F8FA26003EB423 /* LexiconGraph.swift in Sources */,
				5418951023FA3BB6008A3B47 /* SLMGraph.swift in Sources */,
				5418951223FAF77C008A3B47 /* Solution.swift in Sources */,
				54B5ADBF23EF611A00E45988 /* SyllableGraph.swift in Sources */,
				54B045BC23F8E982003EB423 /* LexiconTree.swift in Sources */,
				54B5ADB623EF606300E45988 /* ViewController.swift in Sources */,
				54B5AD9D23EF5FA700E45988 /* AppDelegate.swift in Sources */,
				54B5ADC223EF611A00E45988 /* PinyinSequence.swift in Sources */,
				54B5AD9F23EF5FA700E45988 /* SceneDelegate.swift in Sources */,
			);
			runOnlyForDeploymentPostprocessing = 0;
		};
/* End PBXSourcesBuildPhase section */

/* Begin PBXVariantGroup section */
		54B5ADA223EF5FA700E45988 /* Main.storyboard */ = {
			isa = PBXVariantGroup;
			children = (
				54B5ADA323EF5FA700E45988 /* Base */,
			);
			name = Main.storyboard;
			sourceTree = "<group>";
		};
		54B5ADA723EF5FAB00E45988 /* LaunchScreen.storyboard */ = {
			isa = PBXVariantGroup;
			children = (
				54B5ADA823EF5FAB00E45988 /* Base */,
			);
			name = LaunchScreen.storyboard;
			sourceTree = "<group>";
		};
/* End PBXVariantGroup section */

/* Begin XCBuildConfiguration section */
		54B5ADAB23EF5FAB00E45988 /* Debug */ = {
			isa = XCBuildConfiguration;
			buildSettings = {
				ALWAYS_SEARCH_USER_PATHS = NO;
				CLANG_ANALYZER_NONNULL = YES;
				CLANG_ANALYZER_NUMBER_OBJECT_CONVERSION = YES_AGGRESSIVE;
				CLANG_CXX_LANGUAGE_STANDARD = "gnu++14";
				CLANG_CXX_LIBRARY = "libc++";
				CLANG_ENABLE_MODULES = YES;
				CLANG_ENABLE_OBJC_ARC = YES;
				CLANG_ENABLE_OBJC_WEAK = YES;
				CLANG_WARN_BLOCK_CAPTURE_AUTORELEASING = YES;
				CLANG_WARN_BOOL_CONVERSION = YES;
				CLANG_WARN_COMMA = YES;
				CLANG_WARN_CONSTANT_CONVERSION = YES;
				CLANG_WARN_DEPRECATED_OBJC_IMPLEMENTATIONS = YES;
				CLANG_WARN_DIRECT_OBJC_ISA_USAGE = YES_ERROR;
				CLANG_WARN_DOCUMENTATION_COMMENTS = YES;
				CLANG_WARN_EMPTY_BODY = YES;
				CLANG_WARN_ENUM_CONVERSION = YES;
				CLANG_WARN_INFINITE_RECURSION = YES;
				CLANG_WARN_INT_CONVERSION = YES;
				CLANG_WARN_NON_LITERAL_NULL_CONVERSION = YES;
				CLANG_WARN_OBJC_IMPLICIT_RETAIN_SELF = YES;
				CLANG_WARN_OBJC_LITERAL_CONVERSION = YES;
				CLANG_WARN_OBJC_ROOT_CLASS = YES_ERROR;
				CLANG_WARN_RANGE_LOOP_ANALYSIS = YES;
				CLANG_WARN_STRICT_PROTOTYPES = YES;
				CLANG_WARN_SUSPICIOUS_MOVE = YES;
				CLANG_WARN_UNGUARDED_AVAILABILITY = YES_AGGRESSIVE;
				CLANG_WARN_UNREACHABLE_CODE = YES;
				CLANG_WARN__DUPLICATE_METHOD_MATCH = YES;
				COPY_PHASE_STRIP = NO;
				DEBUG_INFORMATION_FORMAT = dwarf;
				ENABLE_STRICT_OBJC_MSGSEND = YES;
				ENABLE_TESTABILITY = YES;
				GCC_C_LANGUAGE_STANDARD = gnu11;
				GCC_DYNAMIC_NO_PIC = NO;
				GCC_NO_COMMON_BLOCKS = YES;
				GCC_OPTIMIZATION_LEVEL = 0;
				GCC_PREPROCESSOR_DEFINITIONS = (
					"DEBUG=1",
					"$(inherited)",
				);
				GCC_WARN_64_TO_32_BIT_CONVERSION = YES;
				GCC_WARN_ABOUT_RETURN_TYPE = YES_ERROR;
				GCC_WARN_UNDECLARED_SELECTOR = YES;
				GCC_WARN_UNINITIALIZED_AUTOS = YES_AGGRESSIVE;
				GCC_WARN_UNUSED_FUNCTION = YES;
				GCC_WARN_UNUSED_VARIABLE = YES;
				IPHONEOS_DEPLOYMENT_TARGET = 13.2;
				MTL_ENABLE_DEBUG_INFO = INCLUDE_SOURCE;
				MTL_FAST_MATH = YES;
				ONLY_ACTIVE_ARCH = YES;
				SDKROOT = iphoneos;
				SWIFT_ACTIVE_COMPILATION_CONDITIONS = DEBUG;
				SWIFT_OPTIMIZATION_LEVEL = "-Onone";
			};
			name = Debug;
		};
		54B5ADAC23EF5FAB00E45988 /* Release */ = {
			isa = XCBuildConfiguration;
			buildSettings = {
				ALWAYS_SEARCH_USER_PATHS = NO;
				CLANG_ANALYZER_NONNULL = YES;
				CLANG_ANALYZER_NUMBER_OBJECT_CONVERSION = YES_AGGRESSIVE;
				CLANG_CXX_LANGUAGE_STANDARD = "gnu++14";
				CLANG_CXX_LIBRARY = "libc++";
				CLANG_ENABLE_MODULES = YES;
				CLANG_ENABLE_OBJC_ARC = YES;
				CLANG_ENABLE_OBJC_WEAK = YES;
				CLANG_WARN_BLOCK_CAPTURE_AUTORELEASING = YES;
				CLANG_WARN_BOOL_CONVERSION = YES;
				CLANG_WARN_COMMA = YES;
				CLANG_WARN_CONSTANT_CONVERSION = YES;
				CLANG_WARN_DEPRECATED_OBJC_IMPLEMENTATIONS = YES;
				CLANG_WARN_DIRECT_OBJC_ISA_USAGE = YES_ERROR;
				CLANG_WARN_DOCUMENTATION_COMMENTS = YES;
				CLANG_WARN_EMPTY_BODY = YES;
				CLANG_WARN_ENUM_CONVERSION = YES;
				CLANG_WARN_INFINITE_RECURSION = YES;
				CLANG_WARN_INT_CONVERSION = YES;
				CLANG_WARN_NON_LITERAL_NULL_CONVERSION = YES;
				CLANG_WARN_OBJC_IMPLICIT_RETAIN_SELF = YES;
				CLANG_WARN_OBJC_LITERAL_CONVERSION = YES;
				CLANG_WARN_OBJC_ROOT_CLASS = YES_ERROR;
				CLANG_WARN_RANGE_LOOP_ANALYSIS = YES;
				CLANG_WARN_STRICT_PROTOTYPES = YES;
				CLANG_WARN_SUSPICIOUS_MOVE = YES;
				CLANG_WARN_UNGUARDED_AVAILABILITY = YES_AGGRESSIVE;
				CLANG_WARN_UNREACHABLE_CODE = YES;
				CLANG_WARN__DUPLICATE_METHOD_MATCH = YES;
				COPY_PHASE_STRIP = NO;
				DEBUG_INFORMATION_FORMAT = "dwarf-with-dsym";
				ENABLE_NS_ASSERTIONS = NO;
				ENABLE_STRICT_OBJC_MSGSEND = YES;
				GCC_C_LANGUAGE_STANDARD = gnu11;
				GCC_NO_COMMON_BLOCKS = YES;
				GCC_WARN_64_TO_32_BIT_CONVERSION = YES;
				GCC_WARN_ABOUT_RETURN_TYPE = YES_ERROR;
				GCC_WARN_UNDECLARED_SELECTOR = YES;
				GCC_WARN_UNINITIALIZED_AUTOS = YES_AGGRESSIVE;
				GCC_WARN_UNUSED_FUNCTION = YES;
				GCC_WARN_UNUSED_VARIABLE = YES;
				IPHONEOS_DEPLOYMENT_TARGET = 13.2;
				MTL_ENABLE_DEBUG_INFO = NO;
				MTL_FAST_MATH = YES;
				SDKROOT = iphoneos;
				SWIFT_COMPILATION_MODE = wholemodule;
				SWIFT_OPTIMIZATION_LEVEL = "-O";
				VALIDATE_PRODUCT = YES;
			};
			name = Release;
		};
		54B5ADAE23EF5FAB00E45988 /* Debug */ = {
			isa = XCBuildConfiguration;
			buildSettings = {
				ASSETCATALOG_COMPILER_APPICON_NAME = AppIcon;
				CODE_SIGN_STYLE = Automatic;
				DEVELOPMENT_TEAM = 8L3J5KKFY7;
				INFOPLIST_FILE = Pinyin2HanziEngine/Info.plist;
				LD_RUNPATH_SEARCH_PATHS = (
					"$(inherited)",
					"@executable_path/Frameworks",
				);
				PRODUCT_BUNDLE_IDENTIFIER = zixuan.Pinyin2HanziEngine;
				PRODUCT_NAME = "$(TARGET_NAME)";
				SWIFT_VERSION = 5.0;
				TARGETED_DEVICE_FAMILY = "1,2";
			};
			name = Debug;
		};
		54B5ADAF23EF5FAB00E45988 /* Release */ = {
			isa = XCBuildConfiguration;
			buildSettings = {
				ASSETCATALOG_COMPILER_APPICON_NAME = AppIcon;
				CODE_SIGN_STYLE = Automatic;
				DEVELOPMENT_TEAM = 8L3J5KKFY7;
				INFOPLIST_FILE = Pinyin2HanziEngine/Info.plist;
				LD_RUNPATH_SEARCH_PATHS = (
					"$(inherited)",
					"@executable_path/Frameworks",
				);
				PRODUCT_BUNDLE_IDENTIFIER = zixuan.Pinyin2HanziEngine;
				PRODUCT_NAME = "$(TARGET_NAME)";
				SWIFT_VERSION = 5.0;
				TARGETED_DEVICE_FAMILY = "1,2";
			};
			name = Release;
		};
/* End XCBuildConfiguration section */

/* Begin XCConfigurationList section */
		54B5AD9423EF5FA700E45988 /* Build configuration list for PBXProject "Pinyin2HanziEngine" */ = {
			isa = XCConfigurationList;
			buildConfigurations = (
				54B5ADAB23EF5FAB00E45988 /* Debug */,
				54B5ADAC23EF5FAB00E45988 /* Release */,
			);
			defaultConfigurationIsVisible = 0;
			defaultConfigurationName = Release;
		};
		54B5ADAD23EF5FAB00E45988 /* Build configuration list for PBXNativeTarget "Pinyin2HanziEngine" */ = {
			isa = XCConfigurationList;
			buildConfigurations = (
				54B5ADAE23EF5FAB00E45988 /* Debug */,
				54B5ADAF23EF5FAB00E45988 /* Release */,
			);
			defaultConfigurationIsVisible = 0;
			defaultConfigurationName = Release;
		};
/* End XCConfigurationList section */
	};
	rootObject = 54B5AD9123EF5FA700E45988 /* Project object */;
}
